// !$*UTF8*$!
{
	archiveVersion = 1;
	classes = {
	};
	objectVersion = 46;
	objects = {

/* Begin PBXBuildFile section */
		6E16976E1C13B1A500264BED /* main.swift in Sources */ = {isa = PBXBuildFile; fileRef = 6E16976D1C13B1A500264BED /* main.swift */; };
/* End PBXBuildFile section */

/* Begin PBXContainerItemProxy section */
		6E2F71B91C14C2DF00E81D56 /* PBXContainerItemProxy */ = {
			isa = PBXContainerItemProxy;
			containerPortal = 6E2F71B11C14C2DF00E81D56 /* SwiftFoundation.xcodeproj */;
			proxyType = 2;
			remoteGlobalIDString = 6E30BA0D1B40F543009B1B49;
			remoteInfo = "SwiftFoundation OS X";
		};
		6E2F71BB1C14C2DF00E81D56 /* PBXContainerItemProxy */ = {
			isa = PBXContainerItemProxy;
			containerPortal = 6E2F71B11C14C2DF00E81D56 /* SwiftFoundation.xcodeproj */;
			proxyType = 2;
			remoteGlobalIDString = 6E30BA171B40F543009B1B49;
			remoteInfo = "SwiftFoundationTests OS X";
		};
		6E2F71BD1C14C2DF00E81D56 /* PBXContainerItemProxy */ = {
			isa = PBXContainerItemProxy;
			containerPortal = 6E2F71B11C14C2DF00E81D56 /* SwiftFoundation.xcodeproj */;
			proxyType = 2;
			remoteGlobalIDString = 1AE78F6C1B96774100CDEF17;
			remoteInfo = "SwiftFoundation iOS";
		};
		6E2F71BF1C14C2DF00E81D56 /* PBXContainerItemProxy */ = {
			isa = PBXContainerItemProxy;
			containerPortal = 6E2F71B11C14C2DF00E81D56 /* SwiftFoundation.xcodeproj */;
			proxyType = 2;
			remoteGlobalIDString = 6E08F8571BBE7B8800548B1E;
			remoteInfo = "SwiftFoundationTests iOS";
		};
		6E2F71C11C14C2DF00E81D56 /* PBXContainerItemProxy */ = {
			isa = PBXContainerItemProxy;
			containerPortal = 6E2F71B11C14C2DF00E81D56 /* SwiftFoundation.xcodeproj */;
			proxyType = 2;
			remoteGlobalIDString = 1AE78FC41B96774300CDEF17;
			remoteInfo = "SwiftFoundation WatchOS";
		};
/* End PBXContainerItemProxy section */

/* Begin PBXCopyFilesBuildPhase section */
		6E7DFA261C13AE330000E254 /* CopyFiles */ = {
			isa = PBXCopyFilesBuildPhase;
			buildActionMask = 2147483647;
			dstPath = /usr/share/man/man1/;
			dstSubfolderSpec = 0;
			files = (
			);
			runOnlyForDeploymentPostprocessing = 1;
		};
/* End PBXCopyFilesBuildPhase section */

/* Begin PBXFileReference section */
		6E16976D1C13B1A500264BED /* main.swift */ = {isa = PBXFileReference; fileEncoding = 4; lastKnownFileType = sourcecode.swift; path = main.swift; sourceTree = SOURCE_ROOT; };
		6E2F71B11C14C2DF00E81D56 /* SwiftFoundation.xcodeproj */ = {isa = PBXFileReference; lastKnownFileType = "wrapper.pb-project"; name = SwiftFoundation.xcodeproj; path = Carthage/Checkouts/SwiftFoundation/SwiftFoundation/SwiftFoundation.xcodeproj; sourceTree = "<group>"; };
		6E7DFA281C13AE330000E254 /* SwiftFoundationExample */ = {isa = PBXFileReference; explicitFileType = "compiled.mach-o.executable"; includeInIndex = 0; path = SwiftFoundationExample; sourceTree = BUILT_PRODUCTS_DIR; };
/* End PBXFileReference section */

/* Begin PBXFrameworksBuildPhase section */
		6E7DFA251C13AE330000E254 /* Frameworks */ = {
			isa = PBXFrameworksBuildPhase;
			buildActionMask = 2147483647;
			files = (
			);
			runOnlyForDeploymentPostprocessing = 0;
		};
/* End PBXFrameworksBuildPhase section */

/* Begin PBXGroup section */
		6E2F71B21C14C2DF00E81D56 /* Products */ = {
			isa = PBXGroup;
			children = (
				6E2F71BA1C14C2DF00E81D56 /* SwiftFoundation.framework */,
				6E2F71BC1C14C2DF00E81D56 /* SwiftFoundationTests.xctest */,
				6E2F71BE1C14C2DF00E81D56 /* SwiftFoundation.framework */,
				6E2F71C01C14C2DF00E81D56 /* SwiftFoundationTests.xctest */,
				6E2F71C21C14C2DF00E81D56 /* SwiftFoundation.framework */,
			);
			name = Products;
			sourceTree = "<group>";
		};
		6E7DFA1F1C13AE330000E254 = {
			isa = PBXGroup;
			children = (
				6E2F71B11C14C2DF00E81D56 /* SwiftFoundation.xcodeproj */,
				6E7DFA2A1C13AE330000E254 /* SwiftFoundationExample */,
				6E7DFA291C13AE330000E254 /* Products */,
			);
			sourceTree = "<group>";
		};
		6E7DFA291C13AE330000E254 /* Products */ = {
			isa = PBXGroup;
			children = (
				6E7DFA281C13AE330000E254 /* SwiftFoundationExample */,
			);
			name = Products;
			sourceTree = "<group>";
		};
		6E7DFA2A1C13AE330000E254 /* SwiftFoundationExample */ = {
			isa = PBXGroup;
			children = (
				6E16976D1C13B1A500264BED /* main.swift */,
			);
			path = SwiftFoundationExample;
			sourceTree = "<group>";
		};
/* End PBXGroup section */

/* Begin PBXNativeTarget section */
		6E7DFA271C13AE330000E254 /* SwiftFoundationExample */ = {
			isa = PBXNativeTarget;
			buildConfigurationList = 6E7DFA2F1C13AE330000E254 /* Build configuration list for PBXNativeTarget "SwiftFoundationExample" */;
			buildPhases = (
				6E7DFA241C13AE330000E254 /* Sources */,
				6E7DFA251C13AE330000E254 /* Frameworks */,
				6E7DFA261C13AE330000E254 /* CopyFiles */,
			);
			buildRules = (
			);
			dependencies = (
			);
			name = SwiftFoundationExample;
			productName = SwiftFoundationExample;
			productReference = 6E7DFA281C13AE330000E254 /* SwiftFoundationExample */;
			productType = "com.apple.product-type.tool";
		};
/* End PBXNativeTarget section */

/* Begin PBXProject section */
		6E7DFA201C13AE330000E254 /* Project object */ = {
			isa = PBXProject;
			attributes = {
				LastSwiftUpdateCheck = 0710;
				LastUpgradeCheck = 0710;
				ORGANIZATIONNAME = PureSwift;
				TargetAttributes = {
					6E7DFA271C13AE330000E254 = {
						CreatedOnToolsVersion = 7.1.1;
					};
				};
			};
			buildConfigurationList = 6E7DFA231C13AE330000E254 /* Build configuration list for PBXProject "SwiftFoundationExample" */;
			compatibilityVersion = "Xcode 3.2";
			developmentRegion = English;
			hasScannedForEncodings = 0;
			knownRegions = (
				en,
			);
			mainGroup = 6E7DFA1F1C13AE330000E254;
			productRefGroup = 6E7DFA291C13AE330000E254 /* Products */;
			projectDirPath = "";
			projectReferences = (
				{
					ProductGroup = 6E2F71B21C14C2DF00E81D56 /* Products */;
					ProjectRef = 6E2F71B11C14C2DF00E81D56 /* SwiftFoundation.xcodeproj */;
				},
			);
			projectRoot = "";
			targets = (
				6E7DFA271C13AE330000E254 /* SwiftFoundationExample */,
			);
		};
/* End PBXProject section */

/* Begin PBXReferenceProxy section */
		6E2F71BA1C14C2DF00E81D56 /* SwiftFoundation.framework */ = {
			isa = PBXReferenceProxy;
			fileType = wrapper.framework;
			path = SwiftFoundation.framework;
			remoteRef = 6E2F71B91C14C2DF00E81D56 /* PBXContainerItemProxy */;
			sourceTree = BUILT_PRODUCTS_DIR;
		};
		6E2F71BC1C14C2DF00E81D56 /* SwiftFoundationTests.xctest */ = {
			isa = PBXReferenceProxy;
			fileType = wrapper.cfbundle;
			path = SwiftFoundationTests.xctest;
			remoteRef = 6E2F71BB1C14C2DF00E81D56 /* PBXContainerItemProxy */;
			sourceTree = BUILT_PRODUCTS_DIR;
		};
		6E2F71BE1C14C2DF00E81D56 /* SwiftFoundation.framework */ = {
			isa = PBXReferenceProxy;
			fileType = wrapper.framework;
			path = SwiftFoundation.framework;
			remoteRef = 6E2F71BD1C14C2DF00E81D56 /* PBXContainerItemProxy */;
			sourceTree = BUILT_PRODUCTS_DIR;
		};
		6E2F71C01C14C2DF00E81D56 /* SwiftFoundationTests.xctest */ = {
			isa = PBXReferenceProxy;
			fileType = wrapper.cfbundle;
			path = SwiftFoundationTests.xctest;
			remoteRef = 6E2F71BF1C14C2DF00E81D56 /* PBXContainerItemProxy */;
			sourceTree = BUILT_PRODUCTS_DIR;
		};
		6E2F71C21C14C2DF00E81D56 /* SwiftFoundation.framework */ = {
			isa = PBXReferenceProxy;
			fileType = wrapper.framework;
			path = SwiftFoundation.framework;
			remoteRef = 6E2F71C11C14C2DF00E81D56 /* PBXContainerItemProxy */;
			sourceTree = BUILT_PRODUCTS_DIR;
		};
/* End PBXReferenceProxy section */

/* Begin PBXSourcesBuildPhase section */
		6E7DFA241C13AE330000E254 /* Sources */ = {
			isa = PBXSourcesBuildPhase;
			buildActionMask = 2147483647;
			files = (
				6E16976E1C13B1A500264BED /* main.swift in Sources */,
			);
			runOnlyForDeploymentPostprocessing = 0;
		};
/* End PBXSourcesBuildPhase section */

/* Begin XCBuildConfiguration section */
		6E7DFA2D1C13AE330000E254 /* Debug */ = {
			isa = XCBuildConfiguration;
			buildSettings = {
				ALWAYS_SEARCH_USER_PATHS = NO;
				CLANG_CXX_LANGUAGE_STANDARD = "gnu++0x";
				CLANG_CXX_LIBRARY = "libc++";
				CLANG_ENABLE_MODULES = YES;
				CLANG_ENABLE_OBJC_ARC = YES;
				CLANG_WARN_BOOL_CONVERSION = YES;
				CLANG_WARN_CONSTANT_CONVERSION = YES;
				CLANG_WARN_DIRECT_OBJC_ISA_USAGE = YES_ERROR;
				CLANG_WARN_EMPTY_BODY = YES;
				CLANG_WARN_ENUM_CONVERSION = YES;
				CLANG_WARN_INT_CONVERSION = YES;
				CLANG_WARN_OBJC_ROOT_CLASS = YES_ERROR;
				CLANG_WARN_UNREACHABLE_CODE = YES;
				CLANG_WARN__DUPLICATE_METHOD_MATCH = YES;
				CODE_SIGN_IDENTITY = "-";
				COPY_PHASE_STRIP = NO;
				DEBUG_INFORMATION_FORMAT = dwarf;
				ENABLE_STRICT_OBJC_MSGSEND = YES;
				ENABLE_TESTABILITY = YES;
				GCC_C_LANGUAGE_STANDARD = gnu99;
				GCC_DYNAMIC_NO_PIC = NO;
				GCC_NO_COMMON_BLOCKS = YES;
				GCC_OPTIMIZATION_LEVEL = 0;
				GCC_PREPROCESSOR_DEFINITIONS = (
					"DEBUG=1",
					"$(inherited)",
				);
				GCC_WARN_64_TO_32_BIT_CONVERSION = YES;
				GCC_WARN_ABOUT_RETURN_TYPE = YES_ERROR;
				GCC_WARN_UNDECLARED_SELECTOR = YES;
				GCC_WARN_UNINITIALIZED_AUTOS = YES_AGGRESSIVE;
				GCC_WARN_UNUSED_FUNCTION = YES;
				GCC_WARN_UNUSED_VARIABLE = YES;
				MACOSX_DEPLOYMENT_TARGET = 10.11;
				MTL_ENABLE_DEBUG_INFO = YES;
				ONLY_ACTIVE_ARCH = YES;
				SDKROOT = macosx;
				SWIFT_OPTIMIZATION_LEVEL = "-Onone";
			};
			name = Debug;
		};
		6E7DFA2E1C13AE330000E254 /* Release */ = {
			isa = XCBuildConfiguration;
			buildSettings = {
				ALWAYS_SEARCH_USER_PATHS = NO;
				CLANG_CXX_LANGUAGE_STANDARD = "gnu++0x";
				CLANG_CXX_LIBRARY = "libc++";
				CLANG_ENABLE_MODULES = YES;
				CLANG_ENABLE_OBJC_ARC = YES;
				CLANG_WARN_BOOL_CONVERSION = YES;
				CLANG_WARN_CONSTANT_CONVERSION = YES;
				CLANG_WARN_DIRECT_OBJC_ISA_USAGE = YES_ERROR;
				CLANG_WARN_EMPTY_BODY = YES;
				CLANG_WARN_ENUM_CONVERSION = YES;
				CLANG_WARN_INT_CONVERSION = YES;
				CLANG_WARN_OBJC_ROOT_CLASS = YES_ERROR;
				CLANG_WARN_UNREACHABLE_CODE = YES;
				CLANG_WARN__DUPLICATE_METHOD_MATCH = YES;
				CODE_SIGN_IDENTITY = "-";
				COPY_PHASE_STRIP = NO;
				DEBUG_INFORMATION_FORMAT = "dwarf-with-dsym";
				ENABLE_NS_ASSERTIONS = NO;
				ENABLE_STRICT_OBJC_MSGSEND = YES;
				GCC_C_LANGUAGE_STANDARD = gnu99;
				GCC_NO_COMMON_BLOCKS = YES;
				GCC_WARN_64_TO_32_BIT_CONVERSION = YES;
				GCC_WARN_ABOUT_RETURN_TYPE = YES_ERROR;
				GCC_WARN_UNDECLARED_SELECTOR = YES;
				GCC_WARN_UNINITIALIZED_AUTOS = YES_AGGRESSIVE;
				GCC_WARN_UNUSED_FUNCTION = YES;
				GCC_WARN_UNUSED_VARIABLE = YES;
				MACOSX_DEPLOYMENT_TARGET = 10.11;
				MTL_ENABLE_DEBUG_INFO = NO;
				SDKROOT = macosx;
			};
			name = Release;
		};
		6E7DFA301C13AE330000E254 /* Debug */ = {
			isa = XCBuildConfiguration;
			buildSettings = {
				CLANG_ENABLE_MODULES = YES;
				FRAMEWORK_SEARCH_PATHS = $SRCROOT/../Carthage/Build/Mac;
				LD_RUNPATH_SEARCH_PATHS = "$(inherited) @executable_path/../Frameworks @loader_path/../Frameworks ";
				PRODUCT_NAME = "$(TARGET_NAME)";
				SWIFT_OPTIMIZATION_LEVEL = "-Onone";
			};
			name = Debug;
		};
		6E7DFA311C13AE330000E254 /* Release */ = {
			isa = XCBuildConfiguration;
			buildSettings = {
				CLANG_ENABLE_MODULES = YES;
				FRAMEWORK_SEARCH_PATHS = $SRCROOT/../Carthage/Build/Mac;
				LD_RUNPATH_SEARCH_PATHS = "$(inherited) @executable_path/../Frameworks @loader_path/../Frameworks ";
				PRODUCT_NAME = "$(TARGET_NAME)";
			};
			name = Release;
		};
/* End XCBuildConfiguration section */

/* Begin XCConfigurationList section */
		6E7DFA231C13AE330000E254 /* Build configuration list for PBXProject "SwiftFoundationExample" */ = {
			isa = XCConfigurationList;
			buildConfigurations = (
				6E7DFA2D1C13AE330000E254 /* Debug */,
				6E7DFA2E1C13AE330000E254 /* Release */,
			);
			defaultConfigurationIsVisible = 0;
			defaultConfigurationName = Release;
		};
		6E7DFA2F1C13AE330000E254 /* Build configuration list for PBXNativeTarget "SwiftFoundationExample" */ = {
			isa = XCConfigurationList;
			buildConfigurations = (
				6E7DFA301C13AE330000E254 /* Debug */,
				6E7DFA311C13AE330000E254 /* Release */,
			);
			defaultConfigurationIsVisible = 0;
			defaultConfigurationName = Release;
		};
/* End XCConfigurationList section */
	};
	rootObject = 6E7DFA201C13AE330000E254 /* Project object */;
}
